{
  "lockfileVersion": 1,
  "configVersion": 1,
  "workspaces": {
    "": {
      "dependencies": {
        "@sentry/react": "^10.51.0",
      },
    },
  },
  "packages": {
    "@sentry-internal/browser-utils": ["@sentry-internal/browser-utils@10.51.0", "", { "dependencies": { "@sentry/core": "10.51.0" } }, "sha512-lNKBS4P7RUvf1niojXQWe9bU3gnBUCbST4Dj0pSiyat1N96cXVyHkeE+uGxowD0RrVWhs+kGHiVX3FcmRWF6sA=="],

    "@sentry-internal/feedback": ["@sentry-internal/feedback@10.51.0", "", { "dependencies": { "@sentry/core": "10.51.0" } }, "sha512-bCM95bcpphx28e6aU0bwRLxOgwosYsdNzezM1sM0pVOkb0TB3hDFRamramVDK+/Hp1o8qmRxS4c5w/A7YBZGkA=="],

    "@sentry-internal/replay": ["@sentry-internal/replay@10.51.0", "", { "dependencies": { "@sentry-internal/browser-utils": "10.51.0", "@sentry/core": "10.51.0" } }, "sha512-jCpI5HXSwK6ZT2HX70+mDRciAocHzSiDk4DTgvzV69Wvd+Ei5WLgE+d39eaEPsm8lUC0Ydntb5sJIB6uG9D4bw=="],

    "@sentry-internal/replay-canvas": ["@sentry-internal/replay-canvas@10.51.0", "", { "dependencies": { "@sentry-internal/replay": "10.51.0", "@sentry/core": "10.51.0" } }, "sha512-8PW1Pp+Yl3lPwYqhBCr5SgkuhDanu9ZLzUqD2bPKL/ElqbM2eDVIWxq4z4ZzePrmZa6IcCjTv6sVQJ7Z4dLyLA=="],

    "@sentry/browser": ["@sentry/browser@10.51.0", "", { "dependencies": { "@sentry-internal/browser-utils": "10.51.0", "@sentry-internal/feedback": "10.51.0", "@sentry-internal/replay": "10.51.0", "@sentry-internal/replay-canvas": "10.51.0", "@sentry/core": "10.51.0" } }, "sha512-Zdc0sKfenxUtW/OGhtJ7xHFN44bXR7YqxJ1zBDzlZfW0nTbeTTUZBq9z5NUw6qdS0Vs/i3V4qzAKTbRKWfqSEA=="],

    "@sentry/core": ["@sentry/core@10.51.0", "", {}, "sha512-Y45V/YXvVLEXmOdkbD1oG1gkRWFi9guCEGg3PlIlIpRjAbZUrvLGgjRJIc1E7XpSzmOnWbs5BbUxMv4PDaPj2w=="],

    "@sentry/react": ["@sentry/react@10.51.0", "", { "dependencies": { "@sentry/browser": "10.51.0", "@sentry/core": "10.51.0" }, "peerDependencies": { "react": "^16.14.0 || 17.x || 18.x || 19.x" } }, "sha512-RRHHqjNvjji6ebIqdlAr453AkST8Vm4cxdu1vWm772IgbzTO7Jx46Cj6Bt2/GjMyH0YLE5euDaAOQhFMmpvAOw=="],

    "react": ["react@19.2.5", "", {}, "sha512-llUJLzz1zTUBrskt2pwZgLq59AemifIftw4aB7JxOqf1HY2FDaGDxgwpAPVzHU1kdWabH7FauP4i1oEeer2WCA=="],
  }
}
